// !$*UTF8*$!
{
	archiveVersion = 1;
	classes = {
	};
	objectVersion = 55;
	objects = {

/* Begin PBXBuildFile section */
		A414844727E5C9CC00A39589 /* HallViewController.swift in Sources */ = {isa = PBXBuildFile; fileRef = A414844627E5C9CC00A39589 /* HallViewController.swift */; };
		A414844927E5CBE400A39589 /* HallCollectionView.swift in Sources */ = {isa = PBXBuildFile; fileRef = A414844827E5CBE400A39589 /* HallCollectionView.swift */; };
		A414844B27E5CD8B00A39589 /* Model.swift in Sources */ = {isa = PBXBuildFile; fileRef = A414844A27E5CD8B00A39589 /* Model.swift */; };
		A414844D27E5DAFD00A39589 /* HallCollectionViewCell.swift in Sources */ = {isa = PBXBuildFile; fileRef = A414844C27E5DAFD00A39589 /* HallCollectionViewCell.swift */; };
		A423D63927F60C2A00EB15A2 /* ContactsViewController.swift in Sources */ = {isa = PBXBuildFile; fileRef = A423D63827F60C2A00EB15A2 /* ContactsViewController.swift */; };
		A423D63B27F60D0900EB15A2 /* BookingViewController.swift in Sources */ = {isa = PBXBuildFile; fileRef = A423D63A27F60D0900EB15A2 /* BookingViewController.swift */; };
		A423D63D27F60D4B00EB15A2 /* RulesViewController.swift in Sources */ = {isa = PBXBuildFile; fileRef = A423D63C27F60D4B00EB15A2 /* RulesViewController.swift */; };
		A423D63F27F60FB200EB15A2 /* FreedomTabBarController.swift in Sources */ = {isa = PBXBuildFile; fileRef = A423D63E27F60FB200EB15A2 /* FreedomTabBarController.swift */; };
		A43C02B0288976E4001685BF /* BalanceCollectionViewCell.swift in Sources */ = {isa = PBXBuildFile; fileRef = A43C02AF288976E3001685BF /* BalanceCollectionViewCell.swift */; };
		A43C02BA288D18D2001685BF /* GatsbyGalleryCollectionViewController.swift in Sources */ = {isa = PBXBuildFile; fileRef = A43C02B9288D18D2001685BF /* GatsbyGalleryCollectionViewController.swift */; };
		A43C02BC288D190C001685BF /* GatsbyCell.swift in Sources */ = {isa = PBXBuildFile; fileRef = A43C02BB288D190C001685BF /* GatsbyCell.swift */; };
		A48C92BC28828E8E005611BF /* BalanceGalleryCollectionViewController.swift in Sources */ = {isa = PBXBuildFile; fileRef = A48C92BB28828E8E005611BF /* BalanceGalleryCollectionViewController.swift */; };
		A4F3F24627DF763F00C66DA1 /* AppDelegate.swift in Sources */ = {isa = PBXBuildFile; fileRef = A4F3F24527DF763F00C66DA1 /* AppDelegate.swift */; };
		A4F3F24827DF763F00C66DA1 /* SceneDelegate.swift in Sources */ = {isa = PBXBuildFile; fileRef = A4F3F24727DF763F00C66DA1 /* SceneDelegate.swift */; };
		A4F3F24D27DF763F00C66DA1 /* Main.storyboard in Resources */ = {isa = PBXBuildFile; fileRef = A4F3F24B27DF763F00C66DA1 /* Main.storyboard */; };
		A4F3F24F27DF764200C66DA1 /* Assets.xcassets in Resources */ = {isa = PBXBuildFile; fileRef = A4F3F24E27DF764200C66DA1 /* Assets.xcassets */; };
		A4F3F25227DF764200C66DA1 /* LaunchScreen.storyboard in Resources */ = {isa = PBXBuildFile; fileRef = A4F3F25027DF764200C66DA1 /* LaunchScreen.storyboard */; };
/* End PBXBuildFile section */

/* Begin PBXFileReference section */
		A414844627E5C9CC00A39589 /* HallViewController.swift */ = {isa = PBXFileReference; lastKnownFileType = sourcecode.swift; path = HallViewController.swift; sourceTree = "<group>"; };
		A414844827E5CBE400A39589 /* HallCollectionView.swift */ = {isa = PBXFileReference; lastKnownFileType = sourcecode.swift; path = HallCollectionView.swift; sourceTree = "<group>"; };
		A414844A27E5CD8B00A39589 /* Model.swift */ = {isa = PBXFileReference; lastKnownFileType = sourcecode.swift; path = Model.swift; sourceTree = "<group>"; };
		A414844C27E5DAFD00A39589 /* HallCollectionViewCell.swift */ = {isa = PBXFileReference; lastKnownFileType = sourcecode.swift; path = HallCollectionViewCell.swift; sourceTree = "<group>"; };
		A423D63827F60C2A00EB15A2 /* ContactsViewController.swift */ = {isa = PBXFileReference; lastKnownFileType = sourcecode.swift; path = ContactsViewController.swift; sourceTree = "<group>"; };
		A423D63A27F60D0900EB15A2 /* BookingViewController.swift */ = {isa = PBXFileReference; lastKnownFileType = sourcecode.swift; path = BookingViewController.swift; sourceTree = "<group>"; };
		A423D63C27F60D4B00EB15A2 /* RulesViewController.swift */ = {isa = PBXFileReference; lastKnownFileType = sourcecode.swift; path = RulesViewController.swift; sourceTree = "<group>"; };
		A423D63E27F60FB200EB15A2 /* FreedomTabBarController.swift */ = {isa = PBXFileReference; lastKnownFileType = sourcecode.swift; path = FreedomTabBarController.swift; sourceTree = "<group>"; };
		A43C02AF288976E3001685BF /* BalanceCollectionViewCell.swift */ = {isa = PBXFileReference; lastKnownFileType = sourcecode.swift; path = BalanceCollectionViewCell.swift; sourceTree = "<group>"; };
		A43C02B9288D18D2001685BF /* GatsbyGalleryCollectionViewController.swift */ = {isa = PBXFileReference; lastKnownFileType = sourcecode.swift; path = GatsbyGalleryCollectionViewController.swift; sourceTree = "<group>"; };
		A43C02BB288D190C001685BF /* GatsbyCell.swift */ = {isa = PBXFileReference; lastKnownFileType = sourcecode.swift; path = GatsbyCell.swift; sourceTree = "<group>"; };
		A48C92BB28828E8E005611BF /* BalanceGalleryCollectionViewController.swift */ = {isa = PBXFileReference; lastKnownFileType = sourcecode.swift; path = BalanceGalleryCollectionViewController.swift; sourceTree = "<group>"; };
		A4F3F24227DF763F00C66DA1 /* Freedom.app */ = {isa = PBXFileReference; explicitFileType = wrapper.application; includeInIndex = 0; path = Freedom.app; sourceTree = BUILT_PRODUCTS_DIR; };
		A4F3F24527DF763F00C66DA1 /* AppDelegate.swift */ = {isa = PBXFileReference; lastKnownFileType = sourcecode.swift; path = AppDelegate.swift; sourceTree = "<group>"; };
		A4F3F24727DF763F00C66DA1 /* SceneDelegate.swift */ = {isa = PBXFileReference; lastKnownFileType = sourcecode.swift; path = SceneDelegate.swift; sourceTree = "<group>"; };
		A4F3F24C27DF763F00C66DA1 /* Base */ = {isa = PBXFileReference; lastKnownFileType = file.storyboard; name = Base; path = Base.lproj/Main.storyboard; sourceTree = "<group>"; };
		A4F3F24E27DF764200C66DA1 /* Assets.xcassets */ = {isa = PBXFileReference; lastKnownFileType = folder.assetcatalog; path = Assets.xcassets; sourceTree = "<group>"; };
		A4F3F25127DF764200C66DA1 /* Base */ = {isa = PBXFileReference; lastKnownFileType = file.storyboard; name = Base; path = Base.lproj/LaunchScreen.storyboard; sourceTree = "<group>"; };
		A4F3F25327DF764200C66DA1 /* Info.plist */ = {isa = PBXFileReference; lastKnownFileType = text.plist.xml; path = Info.plist; sourceTree = "<group>"; };
/* End PBXFileReference section */

/* Begin PBXFrameworksBuildPhase section */
		A4F3F23F27DF763F00C66DA1 /* Frameworks */ = {
			isa = PBXFrameworksBuildPhase;
			buildActionMask = 2147483647;
			files = (
			);
			runOnlyForDeploymentPostprocessing = 0;
		};
/* End PBXFrameworksBuildPhase section */

/* Begin PBXGroup section */
		A423D63427F6050B00EB15A2 /* Models */ = {
			isa = PBXGroup;
			children = (
				A414844A27E5CD8B00A39589 /* Model.swift */,
			);
			path = Models;
			sourceTree = "<group>";
		};
		A423D64027F60FC300EB15A2 /* TabBar */ = {
			isa = PBXGroup;
			children = (
				A423D63E27F60FB200EB15A2 /* FreedomTabBarController.swift */,
			);
			path = TabBar;
			sourceTree = "<group>";
		};
		A43C02B1288976F5001685BF /* Halls */ = {
			isa = PBXGroup;
			children = (
				A414844627E5C9CC00A39589 /* HallViewController.swift */,
				A414844827E5CBE400A39589 /* HallCollectionView.swift */,
				A414844C27E5DAFD00A39589 /* HallCollectionViewCell.swift */,
			);
			path = Halls;
			sourceTree = "<group>";
		};
		A43C02B228897729001685BF /* Balance */ = {
			isa = PBXGroup;
			children = (
				A48C92BB28828E8E005611BF /* BalanceGalleryCollectionViewController.swift */,
				A43C02AF288976E3001685BF /* BalanceCollectionViewCell.swift */,
			);
			path = Balance;
			sourceTree = "<group>";
		};
		A43C02BD288D1914001685BF /* Gatsby */ = {
			isa = PBXGroup;
			children = (
				A43C02B9288D18D2001685BF /* GatsbyGalleryCollectionViewController.swift */,
				A43C02BB288D190C001685BF /* GatsbyCell.swift */,
			);
			path = Gatsby;
			sourceTree = "<group>";
		};
		A4F3F23927DF763F00C66DA1 = {
			isa = PBXGroup;
			children = (
				A4F3F24427DF763F00C66DA1 /* Freedom */,
				A4F3F24327DF763F00C66DA1 /* Products */,
			);
			sourceTree = "<group>";
		};
		A4F3F24327DF763F00C66DA1 /* Products */ = {
			isa = PBXGroup;
			children = (
				A4F3F24227DF763F00C66DA1 /* Freedom.app */,
			);
			name = Products;
			sourceTree = "<group>";
		};
		A4F3F24427DF763F00C66DA1 /* Freedom */ = {
			isa = PBXGroup;
			children = (
				A4F3F24527DF763F00C66DA1 /* AppDelegate.swift */,
				A4F3F24727DF763F00C66DA1 /* SceneDelegate.swift */,
				A43C02B1288976F5001685BF /* Halls */,
				A423D63827F60C2A00EB15A2 /* ContactsViewController.swift */,
				A423D63C27F60D4B00EB15A2 /* RulesViewController.swift */,
				A423D63A27F60D0900EB15A2 /* BookingViewController.swift */,
				A43C02BD288D1914001685BF /* Gatsby */,
				A43C02B228897729001685BF /* Balance */,
				A423D64027F60FC300EB15A2 /* TabBar */,
				A423D63427F6050B00EB15A2 /* Models */,
				A4F3F24B27DF763F00C66DA1 /* Main.storyboard */,
				A4F3F24E27DF764200C66DA1 /* Assets.xcassets */,
				A4F3F25027DF764200C66DA1 /* LaunchScreen.storyboard */,
				A4F3F25327DF764200C66DA1 /* Info.plist */,
			);
			path = Freedom;
			sourceTree = "<group>";
		};
/* End PBXGroup section */

/* Begin PBXNativeTarget section */
		A4F3F24127DF763F00C66DA1 /* Freedom */ = {
			isa = PBXNativeTarget;
			buildConfigurationList = A4F3F25627DF764200C66DA1 /* Build configuration list for PBXNativeTarget "Freedom" */;
			buildPhases = (
				A4F3F23E27DF763F00C66DA1 /* Sources */,
				A4F3F23F27DF763F00C66DA1 /* Frameworks */,
				A4F3F24027DF763F00C66DA1 /* Resources */,
			);
			buildRules = (
			);
			dependencies = (
			);
			name = Freedom;
			productName = Freedom;
			productReference = A4F3F24227DF763F00C66DA1 /* Freedom.app */;
			productType = "com.apple.product-type.application";
		};
/* End PBXNativeTarget section */

/* Begin PBXProject section */
		A4F3F23A27DF763F00C66DA1 /* Project object */ = {
			isa = PBXProject;
			attributes = {
				BuildIndependentTargetsInParallel = 1;
				LastSwiftUpdateCheck = 1320;
				LastUpgradeCheck = 1320;
				TargetAttributes = {
					A4F3F24127DF763F00C66DA1 = {
						CreatedOnToolsVersion = 13.2.1;
					};
				};
			};
			buildConfigurationList = A4F3F23D27DF763F00C66DA1 /* Build configuration list for PBXProject "Freedom" */;
			compatibilityVersion = "Xcode 13.0";
			developmentRegion = en;
			hasScannedForEncodings = 0;
			knownRegions = (
				en,
				Base,
			);
			mainGroup = A4F3F23927DF763F00C66DA1;
			productRefGroup = A4F3F24327DF763F00C66DA1 /* Products */;
			projectDirPath = "";
			projectRoot = "";
			targets = (
				A4F3F24127DF763F00C66DA1 /* Freedom */,
			);
		};
/* End PBXProject section */

/* Begin PBXResourcesBuildPhase section */
		A4F3F24027DF763F00C66DA1 /* Resources */ = {
			isa = PBXResourcesBuildPhase;
			buildActionMask = 2147483647;
			files = (
				A4F3F25227DF764200C66DA1 /* LaunchScreen.storyboard in Resources */,
				A4F3F24F27DF764200C66DA1 /* Assets.xcassets in Resources */,
				A4F3F24D27DF763F00C66DA1 /* Main.storyboard in Resources */,
			);
			runOnlyForDeploymentPostprocessing = 0;
		};
/* End PBXResourcesBuildPhase section */

/* Begin PBXSourcesBuildPhase section */
		A4F3F23E27DF763F00C66DA1 /* Sources */ = {
			isa = PBXSourcesBuildPhase;
			buildActionMask = 2147483647;
			files = (
				A423D63D27F60D4B00EB15A2 /* RulesViewController.swift in Sources */,
				A48C92BC28828E8E005611BF /* BalanceGalleryCollectionViewController.swift in Sources */,
				A414844D27E5DAFD00A39589 /* HallCollectionViewCell.swift in Sources */,
				A43C02B0288976E4001685BF /* BalanceCollectionViewCell.swift in Sources */,
				A423D63B27F60D0900EB15A2 /* BookingViewController.swift in Sources */,
				A414844B27E5CD8B00A39589 /* Model.swift in Sources */,
				A4F3F24627DF763F00C66DA1 /* AppDelegate.swift in Sources */,
				A4F3F24827DF763F00C66DA1 /* SceneDelegate.swift in Sources */,
				A423D63F27F60FB200EB15A2 /* FreedomTabBarController.swift in Sources */,
				A423D63927F60C2A00EB15A2 /* ContactsViewController.swift in Sources */,
				A414844927E5CBE400A39589 /* HallCollectionView.swift in Sources */,
				A414844727E5C9CC00A39589 /* HallViewController.swift in Sources */,
				A43C02BA288D18D2001685BF /* GatsbyGalleryCollectionViewController.swift in Sources */,
				A43C02BC288D190C001685BF /* GatsbyCell.swift in Sources */,
			);
			runOnlyForDeploymentPostprocessing = 0;
		};
/* End PBXSourcesBuildPhase section */

/* Begin PBXVariantGroup section */
		A4F3F24B27DF763F00C66DA1 /* Main.storyboard */ = {
			isa = PBXVariantGroup;
			children = (
				A4F3F24C27DF763F00C66DA1 /* Base */,
			);
			name = Main.storyboard;
			sourceTree = "<group>";
		};
		A4F3F25027DF764200C66DA1 /* LaunchScreen.storyboard */ = {
			isa = PBXVariantGroup;
			children = (
				A4F3F25127DF764200C66DA1 /* Base */,
			);
			name = LaunchScreen.storyboard;
			sourceTree = "<group>";
		};
/* End PBXVariantGroup section */

/* Begin XCBuildConfiguration section */
		A4F3F25427DF764200C66DA1 /* Debug */ = {
			isa = XCBuildConfiguration;
			buildSettings = {
				ALWAYS_SEARCH_USER_PATHS = NO;
				CLANG_ANALYZER_NONNULL = YES;
				CLANG_ANALYZER_NUMBER_OBJECT_CONVERSION = YES_AGGRESSIVE;
				CLANG_CXX_LANGUAGE_STANDARD = "gnu++17";
				CLANG_CXX_LIBRARY = "libc++";
				CLANG_ENABLE_MODULES = YES;
				CLANG_ENABLE_OBJC_ARC = YES;
				CLANG_ENABLE_OBJC_WEAK = YES;
				CLANG_WARN_BLOCK_CAPTURE_AUTORELEASING = YES;
				CLANG_WARN_BOOL_CONVERSION = YES;
				CLANG_WARN_COMMA = YES;
				CLANG_WARN_CONSTANT_CONVERSION = YES;
				CLANG_WARN_DEPRECATED_OBJC_IMPLEMENTATIONS = YES;
				CLANG_WARN_DIRECT_OBJC_ISA_USAGE = YES_ERROR;
				CLANG_WARN_DOCUMENTATION_COMMENTS = YES;
				CLANG_WARN_EMPTY_BODY = YES;
				CLANG_WARN_ENUM_CONVERSION = YES;
				CLANG_WARN_INFINITE_RECURSION = YES;
				CLANG_WARN_INT_CONVERSION = YES;
				CLANG_WARN_NON_LITERAL_NULL_CONVERSION = YES;
				CLANG_WARN_OBJC_IMPLICIT_RETAIN_SELF = YES;
				CLANG_WARN_OBJC_LITERAL_CONVERSION = YES;
				CLANG_WARN_OBJC_ROOT_CLASS = YES_ERROR;
				CLANG_WARN_QUOTED_INCLUDE_IN_FRAMEWORK_HEADER = YES;
				CLANG_WARN_RANGE_LOOP_ANALYSIS = YES;
				CLANG_WARN_STRICT_PROTOTYPES = YES;
				CLANG_WARN_SUSPICIOUS_MOVE = YES;
				CLANG_WARN_UNGUARDED_AVAILABILITY = YES_AGGRESSIVE;
				CLANG_WARN_UNREACHABLE_CODE = YES;
				CLANG_WARN__DUPLICATE_METHOD_MATCH = YES;
				COPY_PHASE_STRIP = NO;
				DEBUG_INFORMATION_FORMAT = dwarf;
				ENABLE_STRICT_OBJC_MSGSEND = YES;
				ENABLE_TESTABILITY = YES;
				GCC_C_LANGUAGE_STANDARD = gnu11;
				GCC_DYNAMIC_NO_PIC = NO;
				GCC_NO_COMMON_BLOCKS = YES;
				GCC_OPTIMIZATION_LEVEL = 0;
				GCC_PREPROCESSOR_DEFINITIONS = (
					"DEBUG=1",
					"$(inherited)",
				);
				GCC_WARN_64_TO_32_BIT_CONVERSION = YES;
				GCC_WARN_ABOUT_RETURN_TYPE = YES_ERROR;
				GCC_WARN_UNDECLARED_SELECTOR = YES;
				GCC_WARN_UNINITIALIZED_AUTOS = YES_AGGRESSIVE;
				GCC_WARN_UNUSED_FUNCTION = YES;
				GCC_WARN_UNUSED_VARIABLE = YES;
				IPHONEOS_DEPLOYMENT_TARGET = 15.2;
				MTL_ENABLE_DEBUG_INFO = INCLUDE_SOURCE;
				MTL_FAST_MATH = YES;
				ONLY_ACTIVE_ARCH = YES;
				SDKROOT = iphoneos;
				SWIFT_ACTIVE_COMPILATION_CONDITIONS = DEBUG;
				SWIFT_OPTIMIZATION_LEVEL = "-Onone";
			};
			name = Debug;
		};
		A4F3F25527DF764200C66DA1 /* Release */ = {
			isa = XCBuildConfiguration;
			buildSettings = {
				ALWAYS_SEARCH_USER_PATHS = NO;
				CLANG_ANALYZER_NONNULL = YES;
				CLANG_ANALYZER_NUMBER_OBJECT_CONVERSION = YES_AGGRESSIVE;
				CLANG_CXX_LANGUAGE_STANDARD = "gnu++17";
				CLANG_CXX_LIBRARY = "libc++";
				CLANG_ENABLE_MODULES = YES;
				CLANG_ENABLE_OBJC_ARC = YES;
				CLANG_ENABLE_OBJC_WEAK = YES;
				CLANG_WARN_BLOCK_CAPTURE_AUTORELEASING = YES;
				CLANG_WARN_BOOL_CONVERSION = YES;
				CLANG_WARN_COMMA = YES;
				CLANG_WARN_CONSTANT_CONVERSION = YES;
				CLANG_WARN_DEPRECATED_OBJC_IMPLEMENTATIONS = YES;
				CLANG_WARN_DIRECT_OBJC_ISA_USAGE = YES_ERROR;
				CLANG_WARN_DOCUMENTATION_COMMENTS = YES;
				CLANG_WARN_EMPTY_BODY = YES;
				CLANG_WARN_ENUM_CONVERSION = YES;
				CLANG_WARN_INFINITE_RECURSION = YES;
				CLANG_WARN_INT_CONVERSION = YES;
				CLANG_WARN_NON_LITERAL_NULL_CONVERSION = YES;
				CLANG_WARN_OBJC_IMPLICIT_RETAIN_SELF = YES;
				CLANG_WARN_OBJC_LITERAL_CONVERSION = YES;
				CLANG_WARN_OBJC_ROOT_CLASS = YES_ERROR;
				CLANG_WARN_QUOTED_INCLUDE_IN_FRAMEWORK_HEADER = YES;
				CLANG_WARN_RANGE_LOOP_ANALYSIS = YES;
				CLANG_WARN_STRICT_PROTOTYPES = YES;
				CLANG_WARN_SUSPICIOUS_MOVE = YES;
				CLANG_WARN_UNGUARDED_AVAILABILITY = YES_AGGRESSIVE;
				CLANG_WARN_UNREACHABLE_CODE = YES;
				CLANG_WARN__DUPLICATE_METHOD_MATCH = YES;
				COPY_PHASE_STRIP = NO;
				DEBUG_INFORMATION_FORMAT = "dwarf-with-dsym";
				ENABLE_NS_ASSERTIONS = NO;
				ENABLE_STRICT_OBJC_MSGSEND = YES;
				GCC_C_LANGUAGE_STANDARD = gnu11;
				GCC_NO_COMMON_BLOCKS = YES;
				GCC_WARN_64_TO_32_BIT_CONVERSION = YES;
				GCC_WARN_ABOUT_RETURN_TYPE = YES_ERROR;
				GCC_WARN_UNDECLARED_SELECTOR = YES;
				GCC_WARN_UNINITIALIZED_AUTOS = YES_AGGRESSIVE;
				GCC_WARN_UNUSED_FUNCTION = YES;
				GCC_WARN_UNUSED_VARIABLE = YES;
				IPHONEOS_DEPLOYMENT_TARGET = 15.2;
				MTL_ENABLE_DEBUG_INFO = NO;
				MTL_FAST_MATH = YES;
				SDKROOT = iphoneos;
				SWIFT_COMPILATION_MODE = wholemodule;
				SWIFT_OPTIMIZATION_LEVEL = "-O";
				VALIDATE_PRODUCT = YES;
			};
			name = Release;
		};
		A4F3F25727DF764200C66DA1 /* Debug */ = {
			isa = XCBuildConfiguration;
			buildSettings = {
				ASSETCATALOG_COMPILER_APPICON_NAME = AppIcon;
				ASSETCATALOG_COMPILER_GLOBAL_ACCENT_COLOR_NAME = AccentColor;
				CODE_SIGN_STYLE = Automatic;
				CURRENT_PROJECT_VERSION = 1;
				DEVELOPMENT_TEAM = 923JFM2J84;
				GENERATE_INFOPLIST_FILE = YES;
				INFOPLIST_FILE = Freedom/Info.plist;
				INFOPLIST_KEY_UIApplicationSupportsIndirectInputEvents = YES;
				INFOPLIST_KEY_UILaunchStoryboardName = LaunchScreen;
				INFOPLIST_KEY_UIMainStoryboardFile = Main;
				INFOPLIST_KEY_UISupportedInterfaceOrientations_iPad = "UIInterfaceOrientationPortrait UIInterfaceOrientationPortraitUpsideDown UIInterfaceOrientationLandscapeLeft UIInterfaceOrientationLandscapeRight";
				INFOPLIST_KEY_UISupportedInterfaceOrientations_iPhone = "UIInterfaceOrientationPortrait UIInterfaceOrientationLandscapeLeft UIInterfaceOrientationLandscapeRight";
				LD_RUNPATH_SEARCH_PATHS = (
					"$(inherited)",
					"@executable_path/Frameworks",
				);
				MARKETING_VERSION = 1.0;
				PRODUCT_BUNDLE_IDENTIFIER = "Dmitry-Bessonov.Freedom";
				PRODUCT_NAME = "$(TARGET_NAME)";
				SWIFT_EMIT_LOC_STRINGS = YES;
				SWIFT_VERSION = 5.0;
				TARGETED_DEVICE_FAMILY = "1,2";
			};
			name = Debug;
		};
		A4F3F25827DF764200C66DA1 /* Release */ = {
			isa = XCBuildConfiguration;
			buildSettings = {
				ASSETCATALOG_COMPILER_APPICON_NAME = AppIcon;
				ASSETCATALOG_COMPILER_GLOBAL_ACCENT_COLOR_NAME = AccentColor;
				CODE_SIGN_STYLE = Automatic;
				CURRENT_PROJECT_VERSION = 1;
				DEVELOPMENT_TEAM = 923JFM2J84;
				GENERATE_INFOPLIST_FILE = YES;
				INFOPLIST_FILE = Freedom/Info.plist;
				INFOPLIST_KEY_UIApplicationSupportsIndirectInputEvents = YES;
				INFOPLIST_KEY_UILaunchStoryboardName = LaunchScreen;
				INFOPLIST_KEY_UIMainStoryboardFile = Main;
				INFOPLIST_KEY_UISupportedInterfaceOrientations_iPad = "UIInterfaceOrientationPortrait UIInterfaceOrientationPortraitUpsideDown UIInterfaceOrientationLandscapeLeft UIInterfaceOrientationLandscapeRight";
				INFOPLIST_KEY_UISupportedInterfaceOrientations_iPhone = "UIInterfaceOrientationPortrait UIInterfaceOrientationLandscapeLeft UIInterfaceOrientationLandscapeRight";
				LD_RUNPATH_SEARCH_PATHS = (
					"$(inherited)",
					"@executable_path/Frameworks",
				);
				MARKETING_VERSION = 1.0;
				PRODUCT_BUNDLE_IDENTIFIER = "Dmitry-Bessonov.Freedom";
				PRODUCT_NAME = "$(TARGET_NAME)";
				SWIFT_EMIT_LOC_STRINGS = YES;
				SWIFT_VERSION = 5.0;
				TARGETED_DEVICE_FAMILY = "1,2";
			};
			name = Release;
		};
/* End XCBuildConfiguration section */

/* Begin XCConfigurationList section */
		A4F3F23D27DF763F00C66DA1 /* Build configuration list for PBXProject "Freedom" */ = {
			isa = XCConfigurationList;
			buildConfigurations = (
				A4F3F25427DF764200C66DA1 /* Debug */,
				A4F3F25527DF764200C66DA1 /* Release */,
			);
			defaultConfigurationIsVisible = 0;
			defaultConfigurationName = Release;
		};
		A4F3F25627DF764200C66DA1 /* Build configuration list for PBXNativeTarget "Freedom" */ = {
			isa = XCConfigurationList;
			buildConfigurations = (
				A4F3F25727DF764200C66DA1 /* Debug */,
				A4F3F25827DF764200C66DA1 /* Release */,
			);
			defaultConfigurationIsVisible = 0;
			defaultConfigurationName = Release;
		};
/* End XCConfigurationList section */
	};
	rootObject = A4F3F23A27DF763F00C66DA1 /* Project object */;
}
